
Microsoft Visual Studio Solution File, Format Version 12.00
# Visual Studio Version 17
VisualStudioVersion = 17.11.35222.181
MinimumVisualStudioVersion = 10.0.40219.1
Project("{FAE04EC0-301F-11D3-BF4B-00C04F79EFBC}") = "AguaFiel-App_v1", "AguaFiel-App_v1\AguaFiel-App_v1.csproj", "{336FABD6-E103-40B2-8B9C-C492BC9D9DA5}"
EndProject
Global
	GlobalSection(SolutionConfigurationPlatforms) = preSolution
		Debug|Any CPU = Debug|Any CPU
		Release|Any CPU = Release|Any CPU
	EndGlobalSection
	GlobalSection(ProjectConfigurationPlatforms) = postSolution
		{336FABD6-E103-40B2-8B9C-C492BC9D9DA5}.Debug|Any CPU.ActiveCfg = Debug|Any CPU
		{336FABD6-E103-40B2-8B9C-C492BC9D9DA5}.Debug|Any CPU.Build.0 = Debug|Any CPU
		{336FABD6-E103-40B2-8B9C-C492BC9D9DA5}.Release|Any CPU.ActiveCfg = Release|Any CPU
		{336FABD6-E103-40B2-8B9C-C492BC9D9DA5}.Release|Any CPU.Build.0 = Release|Any CPU
	EndGlobalSection
	GlobalSection(SolutionProperties) = preSolution
		HideSolutionNode = FALSE
	EndGlobalSection
	GlobalSection(ExtensibilityGlobals) = postSolution
		SolutionGuid = {64DE4D72-6C7B-4134-A9A4-A5B627C0DB1B}
	EndGlobalSection
EndGlobal
